
Microsoft Visual Studio Solution File, Format Version 12.00
# Visual Studio Version 16
VisualStudioVersion = 16.0.30717.126
MinimumVisualStudioVersion = 10.0.40219.1
Project("{FAE04EC0-301F-11D3-BF4B-00C04F79EFBC}") = "Api.Gateway", "Api.Gateway\Api.Gateway.csproj", "{4E1DA237-FDD9-40A5-ACA8-E6983A616721}"
EndProject
Project("{FAE04EC0-301F-11D3-BF4B-00C04F79EFBC}") = "API.USER", "API.USER\API.USER.csproj", "{640921FB-2466-474B-BA07-21789E611674}"
EndProject
Global
	GlobalSection(SolutionConfigurationPlatforms) = preSolution
		Debug|Any CPU = Debug|Any CPU
		Release|Any CPU = Release|Any CPU
	EndGlobalSection
	GlobalSection(ProjectConfigurationPlatforms) = postSolution
		{4E1DA237-FDD9-40A5-ACA8-E6983A616721}.Debug|Any CPU.ActiveCfg = Debug|Any CPU
		{4E1DA237-FDD9-40A5-ACA8-E6983A616721}.Debug|Any CPU.Build.0 = Debug|Any CPU
		{4E1DA237-FDD9-40A5-ACA8-E6983A616721}.Release|Any CPU.ActiveCfg = Release|Any CPU
		{4E1DA237-FDD9-40A5-ACA8-E6983A616721}.Release|Any CPU.Build.0 = Release|Any CPU
		{640921FB-2466-474B-BA07-21789E611674}.Debug|Any CPU.ActiveCfg = Debug|Any CPU
		{640921FB-2466-474B-BA07-21789E611674}.Debug|Any CPU.Build.0 = Debug|Any CPU
		{640921FB-2466-474B-BA07-21789E611674}.Release|Any CPU.ActiveCfg = Release|Any CPU
		{640921FB-2466-474B-BA07-21789E611674}.Release|Any CPU.Build.0 = Release|Any CPU
	EndGlobalSection
	GlobalSection(SolutionProperties) = preSolution
		HideSolutionNode = FALSE
	EndGlobalSection
	GlobalSection(ExtensibilityGlobals) = postSolution
		SolutionGuid = {E5C4A387-89BD-4AF0-9484-7A22A7FAE346}
	EndGlobalSection
EndGlobal
